schema: '2.0'
stages:
  split_data:
    cmd: python src/data/split_data.py
    deps:
    - path: data/raw/spam.csv
      hash: md5
      md5: 008dcf9ca6aab621d3b3831db6815867
      size: 503663
    - path: src/data/split_data.py
      hash: md5
      md5: 16eac1a6b6623284fc6e687b1d85a68f
      size: 592
    outs:
    - path: data/processed/test.csv
      hash: md5
      md5: 389e1c6fe3d5bb6854a47fce671164af
      size: 98559
    - path: data/processed/train.csv
      hash: md5
      md5: c05a8b91f1a4b2b4cf6cb88ca3c54e66
      size: 386285
  train_model:
    cmd: python src/models/train_model.py
    deps:
    - path: data/processed/test.csv
      hash: md5
      md5: 389e1c6fe3d5bb6854a47fce671164af
      size: 98559
    - path: data/processed/train.csv
      hash: md5
      md5: c05a8b91f1a4b2b4cf6cb88ca3c54e66
      size: 386285
    - path: src/models/train_model.py
      hash: md5
      md5: 46364f09c95af0436c342d90180b0b51
      size: 2966
    outs:
    - path: metrics/scores.csv
      hash: md5
      md5: fe6af4382d4dcad984d90b4182d91309
      size: 112
    - path: models
      hash: md5
      md5: c78d46aa76ce5e74df51d675b86ee1ac.dir
      size: 218719
      nfiles: 2
  evaluate:
    cmd: python src/models/evaluate.py
    deps:
    - path: data/processed/test.csv
      hash: md5
      md5: 389e1c6fe3d5bb6854a47fce671164af
      size: 98559
    - path: models/model.pkl
      hash: md5
      md5: 958cbae7683a4b3c870075cd154c0fca
      size: 62601
    - path: models/vectorizer.pkl
      hash: md5
      md5: e03ff28a79b8ac8c9f8eaf70c6a84c9b
      size: 156118
    - path: src/models/evaluate.py
      hash: md5
      md5: fe9e1b0b4f016b7b25bc11b03dc9d201
      size: 637
    outs:
    - path: metrics_eval
      hash: md5
      md5: b788a4ad71395cd02c99072008ca6ae9.dir
      size: 431
      nfiles: 2
